Microsoft Visual Studio Solution File, Format Version 12.00
# Visual Studio Version 18
VisualStudioVersion = 18.2.11415.280 d18.0
MinimumVisualStudioVersion = 10.0.40219.1
Project("{FAE04EC0-301F-11D3-BF4B-00C04F79EFBC}") = "ActiveForge", "src\ActiveForge\ActiveForge.csproj", "{A1B2C3D4-E5F6-7890-ABCD-EF1234567890}"
EndProject
Project("{FAE04EC0-301F-11D3-BF4B-00C04F79EFBC}") = "ActiveForge.SqlServer", "src\ActiveForge.SqlServer\ActiveForge.SqlServer.csproj", "{D4E5F6A7-B8C9-0123-DEF0-234567890123}"
EndProject
Project("{FAE04EC0-301F-11D3-BF4B-00C04F79EFBC}") = "ActiveForge.PostgreSQL", "src\ActiveForge.PostgreSQL\ActiveForge.PostgreSQL.csproj", "{F6A7B8C9-D0E1-2345-F012-456789012345}"
EndProject
Project("{FAE04EC0-301F-11D3-BF4B-00C04F79EFBC}") = "ActiveForge.Tests", "tests\ActiveForge.Tests\ActiveForge.Tests.csproj", "{B2C3D4E5-F6A7-8901-BCDE-F12345678901}"
EndProject
Project("{FAE04EC0-301F-11D3-BF4B-00C04F79EFBC}") = "ActiveForge.SqlServer.Tests", "tests\ActiveForge.SqlServer.Tests\ActiveForge.SqlServer.Tests.csproj", "{E5F6A7B8-C9D0-1234-EF01-345678901234}"
EndProject
Project("{FAE04EC0-301F-11D3-BF4B-00C04F79EFBC}") = "ActiveForge.PostgreSQL.Tests", "tests\ActiveForge.PostgreSQL.Tests\ActiveForge.PostgreSQL.Tests.csproj", "{A7B8C9D0-E1F2-3456-0123-567890123456}"
EndProject
Project("{FAE04EC0-301F-11D3-BF4B-00C04F79EFBC}") = "ActiveForge.MongoDB", "src\ActiveForge.MongoDB\ActiveForge.MongoDB.csproj", "{B9C0D1E2-F3A4-5678-9012-345678901234}"
EndProject
Project("{FAE04EC0-301F-11D3-BF4B-00C04F79EFBC}") = "ActiveForge.MongoDB.Tests", "tests\ActiveForge.MongoDB.Tests\ActiveForge.MongoDB.Tests.csproj", "{D1E2F3A4-B5C6-7890-1234-567890123456}"
EndProject
Project("{FAE04EC0-301F-11D3-BF4B-00C04F79EFBC}") = "ActiveForge.SQLite", "src\ActiveForge.SQLite\ActiveForge.SQLite.csproj", "{E3F4A5B6-C7D8-9012-EF01-234567890123}"
EndProject
Project("{FAE04EC0-301F-11D3-BF4B-00C04F79EFBC}") = "ActiveForge.SQLite.Tests", "tests\ActiveForge.SQLite.Tests\ActiveForge.SQLite.Tests.csproj", "{F5A6B7C8-D9E0-1234-F012-345678901234}"
EndProject
Project("{FAE04EC0-301F-11D3-BF4B-00C04F79EFBC}") = "ActiveForge.Examples", "examples\ActiveForge.Examples\ActiveForge.Examples.csproj", "{C3D4E5F6-A7B8-9012-CDEF-123456789012}"
EndProject
Project("{2150E333-8FDC-42A3-9474-1A3956D46DE8}") = "src", "src", "{9DA8FD01-B452-4528-BA04-887495A3F9D3}"
EndProject
Project("{2150E333-8FDC-42A3-9474-1A3956D46DE8}") = "tests", "tests", "{2564987A-AC54-4AE8-B539-CDADD3F387D7}"
EndProject
Project("{2150E333-8FDC-42A3-9474-1A3956D46DE8}") = "examples", "examples", "{D54AC37D-D3E3-48A9-BDFE-4C19404F7C00}"
EndProject
Project("{2150E333-8FDC-42A3-9474-1A3956D46DE8}") = "misc", "misc", "{D6383414-22E9-4C28-8500-8963CB6942DF}"
EndProject
Project("{2150E333-8FDC-42A3-9474-1A3956D46DE8}") = "github", "github", "{45231C39-1C92-4264-982D-6B40708CA0BD}"
	ProjectSection(SolutionItems) = preProject
		.gitignore = .gitignore
		.github\workflows\master-build.yml = .github\workflows\master-build.yml
	EndProjectSection
EndProject
Project("{2150E333-8FDC-42A3-9474-1A3956D46DE8}") = "docs", "docs", "{497629F0-306C-4BC9-99D1-B5C6EA2B2E6F}"
	ProjectSection(SolutionItems) = preProject
		docs\advanced.md = docs\advanced.md
		docs\di-service-proxies.md = docs\di-service-proxies.md
		docs\field-subsets.md = docs\field-subsets.md
		docs\field-types.md = docs\field-types.md
		docs\getting-started.md = docs\getting-started.md
		docs\joins.md = docs\joins.md
		LICENSE = LICENSE
		docs\linq-querying.md = docs\linq-querying.md
		docs\query-builder.md = docs\query-builder.md
		README.md = README.md
		docs\transactions.md = docs\transactions.md
		docs\unit-of-work.md = docs\unit-of-work.md
		docs\wiki.md = docs\wiki.md
	EndProjectSection
EndProject
Global
	GlobalSection(SolutionConfigurationPlatforms) = preSolution
		Debug|Any CPU = Debug|Any CPU
		Release|Any CPU = Release|Any CPU
	EndGlobalSection
	GlobalSection(ProjectConfigurationPlatforms) = postSolution
		{A1B2C3D4-E5F6-7890-ABCD-EF1234567890}.Debug|Any CPU.ActiveCfg = Debug|Any CPU
		{A1B2C3D4-E5F6-7890-ABCD-EF1234567890}.Debug|Any CPU.Build.0 = Debug|Any CPU
		{A1B2C3D4-E5F6-7890-ABCD-EF1234567890}.Release|Any CPU.ActiveCfg = Release|Any CPU
		{A1B2C3D4-E5F6-7890-ABCD-EF1234567890}.Release|Any CPU.Build.0 = Release|Any CPU
		{D4E5F6A7-B8C9-0123-DEF0-234567890123}.Debug|Any CPU.ActiveCfg = Debug|Any CPU
		{D4E5F6A7-B8C9-0123-DEF0-234567890123}.Debug|Any CPU.Build.0 = Debug|Any CPU
		{D4E5F6A7-B8C9-0123-DEF0-234567890123}.Release|Any CPU.ActiveCfg = Release|Any CPU
		{D4E5F6A7-B8C9-0123-DEF0-234567890123}.Release|Any CPU.Build.0 = Release|Any CPU
		{F6A7B8C9-D0E1-2345-F012-456789012345}.Debug|Any CPU.ActiveCfg = Debug|Any CPU
		{F6A7B8C9-D0E1-2345-F012-456789012345}.Debug|Any CPU.Build.0 = Debug|Any CPU
		{F6A7B8C9-D0E1-2345-F012-456789012345}.Release|Any CPU.ActiveCfg = Release|Any CPU
		{F6A7B8C9-D0E1-2345-F012-456789012345}.Release|Any CPU.Build.0 = Release|Any CPU
		{B2C3D4E5-F6A7-8901-BCDE-F12345678901}.Debug|Any CPU.ActiveCfg = Debug|Any CPU
		{B2C3D4E5-F6A7-8901-BCDE-F12345678901}.Debug|Any CPU.Build.0 = Debug|Any CPU
		{B2C3D4E5-F6A7-8901-BCDE-F12345678901}.Release|Any CPU.ActiveCfg = Release|Any CPU
		{B2C3D4E5-F6A7-8901-BCDE-F12345678901}.Release|Any CPU.Build.0 = Release|Any CPU
		{E5F6A7B8-C9D0-1234-EF01-345678901234}.Debug|Any CPU.ActiveCfg = Debug|Any CPU
		{E5F6A7B8-C9D0-1234-EF01-345678901234}.Debug|Any CPU.Build.0 = Debug|Any CPU
		{E5F6A7B8-C9D0-1234-EF01-345678901234}.Release|Any CPU.ActiveCfg = Release|Any CPU
		{E5F6A7B8-C9D0-1234-EF01-345678901234}.Release|Any CPU.Build.0 = Release|Any CPU
		{A7B8C9D0-E1F2-3456-0123-567890123456}.Debug|Any CPU.ActiveCfg = Debug|Any CPU
		{A7B8C9D0-E1F2-3456-0123-567890123456}.Debug|Any CPU.Build.0 = Debug|Any CPU
		{A7B8C9D0-E1F2-3456-0123-567890123456}.Release|Any CPU.ActiveCfg = Release|Any CPU
		{A7B8C9D0-E1F2-3456-0123-567890123456}.Release|Any CPU.Build.0 = Release|Any CPU
		{B9C0D1E2-F3A4-5678-9012-345678901234}.Debug|Any CPU.ActiveCfg = Debug|Any CPU
		{B9C0D1E2-F3A4-5678-9012-345678901234}.Debug|Any CPU.Build.0 = Debug|Any CPU
		{B9C0D1E2-F3A4-5678-9012-345678901234}.Release|Any CPU.ActiveCfg = Release|Any CPU
		{B9C0D1E2-F3A4-5678-9012-345678901234}.Release|Any CPU.Build.0 = Release|Any CPU
		{D1E2F3A4-B5C6-7890-1234-567890123456}.Debug|Any CPU.ActiveCfg = Debug|Any CPU
		{D1E2F3A4-B5C6-7890-1234-567890123456}.Debug|Any CPU.Build.0 = Debug|Any CPU
		{D1E2F3A4-B5C6-7890-1234-567890123456}.Release|Any CPU.ActiveCfg = Release|Any CPU
		{D1E2F3A4-B5C6-7890-1234-567890123456}.Release|Any CPU.Build.0 = Release|Any CPU
		{E3F4A5B6-C7D8-9012-EF01-234567890123}.Debug|Any CPU.ActiveCfg = Debug|Any CPU
		{E3F4A5B6-C7D8-9012-EF01-234567890123}.Debug|Any CPU.Build.0 = Debug|Any CPU
		{E3F4A5B6-C7D8-9012-EF01-234567890123}.Release|Any CPU.ActiveCfg = Release|Any CPU
		{E3F4A5B6-C7D8-9012-EF01-234567890123}.Release|Any CPU.Build.0 = Release|Any CPU
		{F5A6B7C8-D9E0-1234-F012-345678901234}.Debug|Any CPU.ActiveCfg = Debug|Any CPU
		{F5A6B7C8-D9E0-1234-F012-345678901234}.Debug|Any CPU.Build.0 = Debug|Any CPU
		{F5A6B7C8-D9E0-1234-F012-345678901234}.Release|Any CPU.ActiveCfg = Release|Any CPU
		{F5A6B7C8-D9E0-1234-F012-345678901234}.Release|Any CPU.Build.0 = Release|Any CPU
		{C3D4E5F6-A7B8-9012-CDEF-123456789012}.Debug|Any CPU.ActiveCfg = Debug|Any CPU
		{C3D4E5F6-A7B8-9012-CDEF-123456789012}.Debug|Any CPU.Build.0 = Debug|Any CPU
		{C3D4E5F6-A7B8-9012-CDEF-123456789012}.Release|Any CPU.ActiveCfg = Release|Any CPU
		{C3D4E5F6-A7B8-9012-CDEF-123456789012}.Release|Any CPU.Build.0 = Release|Any CPU
	EndGlobalSection
	GlobalSection(SolutionProperties) = preSolution
		HideSolutionNode = FALSE
	EndGlobalSection
	GlobalSection(NestedProjects) = preSolution
		{A1B2C3D4-E5F6-7890-ABCD-EF1234567890} = {9DA8FD01-B452-4528-BA04-887495A3F9D3}
		{D4E5F6A7-B8C9-0123-DEF0-234567890123} = {9DA8FD01-B452-4528-BA04-887495A3F9D3}
		{F6A7B8C9-D0E1-2345-F012-456789012345} = {9DA8FD01-B452-4528-BA04-887495A3F9D3}
		{B2C3D4E5-F6A7-8901-BCDE-F12345678901} = {2564987A-AC54-4AE8-B539-CDADD3F387D7}
		{E5F6A7B8-C9D0-1234-EF01-345678901234} = {2564987A-AC54-4AE8-B539-CDADD3F387D7}
		{A7B8C9D0-E1F2-3456-0123-567890123456} = {2564987A-AC54-4AE8-B539-CDADD3F387D7}
		{B9C0D1E2-F3A4-5678-9012-345678901234} = {9DA8FD01-B452-4528-BA04-887495A3F9D3}
		{D1E2F3A4-B5C6-7890-1234-567890123456} = {2564987A-AC54-4AE8-B539-CDADD3F387D7}
		{E3F4A5B6-C7D8-9012-EF01-234567890123} = {9DA8FD01-B452-4528-BA04-887495A3F9D3}
		{F5A6B7C8-D9E0-1234-F012-345678901234} = {2564987A-AC54-4AE8-B539-CDADD3F387D7}
		{C3D4E5F6-A7B8-9012-CDEF-123456789012} = {D54AC37D-D3E3-48A9-BDFE-4C19404F7C00}
		{45231C39-1C92-4264-982D-6B40708CA0BD} = {D6383414-22E9-4C28-8500-8963CB6942DF}
		{497629F0-306C-4BC9-99D1-B5C6EA2B2E6F} = {D6383414-22E9-4C28-8500-8963CB6942DF}
	EndGlobalSection
	GlobalSection(ExtensibilityGlobals) = postSolution
		SolutionGuid = {F03983A3-B490-410D-BF2E-2722998A79AC}
	EndGlobalSection
EndGlobal
